
Microsoft Visual Studio Solution File, Format Version 12.00
# Visual Studio 2012
Project("{FAE04EC0-301F-11D3-BF4B-00C04F79EFBC}") = "DequeNet.Tests", "DequeNet.Tests\DequeNet.Tests.csproj", "{2FAA47E4-EB30-4881-B09A-FA772F510036}"
EndProject
Project("{FAE04EC0-301F-11D3-BF4B-00C04F79EFBC}") = "DequeNet", "DequeNet\DequeNet.csproj", "{2DE22FD0-E725-4CE8-8EC2-EB23F4DB163E}"
EndProject
Global
	GlobalSection(SolutionConfigurationPlatforms) = preSolution
		Debug|Any CPU = Debug|Any CPU
		Release|Any CPU = Release|Any CPU
	EndGlobalSection
	GlobalSection(ProjectConfigurationPlatforms) = postSolution
		{2FAA47E4-EB30-4881-B09A-FA772F510036}.Debug|Any CPU.ActiveCfg = Debug|Any CPU
		{2FAA47E4-EB30-4881-B09A-FA772F510036}.Debug|Any CPU.Build.0 = Debug|Any CPU
		{2FAA47E4-EB30-4881-B09A-FA772F510036}.Release|Any CPU.ActiveCfg = Release|Any CPU
		{2FAA47E4-EB30-4881-B09A-FA772F510036}.Release|Any CPU.Build.0 = Release|Any CPU
		{2DE22FD0-E725-4CE8-8EC2-EB23F4DB163E}.Debug|Any CPU.ActiveCfg = Debug|Any CPU
		{2DE22FD0-E725-4CE8-8EC2-EB23F4DB163E}.Debug|Any CPU.Build.0 = Debug|Any CPU
		{2DE22FD0-E725-4CE8-8EC2-EB23F4DB163E}.Release|Any CPU.ActiveCfg = Release|Any CPU
		{2DE22FD0-E725-4CE8-8EC2-EB23F4DB163E}.Release|Any CPU.Build.0 = Release|Any CPU
	EndGlobalSection
	GlobalSection(SolutionProperties) = preSolution
		HideSolutionNode = FALSE
	EndGlobalSection
EndGlobal
